// !$*UTF8*$!
{
	archiveVersion = 1;
	classes = {
	};
	objectVersion = 50;
	objects = {

/* Begin PBXBuildFile section */
		C64ABBA321F5ABA100A85246 /* README.md in Resources */ = {isa = PBXBuildFile; fileRef = C64ABBA221F5ABA100A85246 /* README.md */; };
		C695087921ABA87400C2F72E /* AppDelegate.swift in Sources */ = {isa = PBXBuildFile; fileRef = C695087821ABA87400C2F72E /* AppDelegate.swift */; };
		C695087B21ABA87400C2F72E /* ViewController.swift in Sources */ = {isa = PBXBuildFile; fileRef = C695087A21ABA87400C2F72E /* ViewController.swift */; };
		C695087E21ABA87400C2F72E /* Main.storyboard in Resources */ = {isa = PBXBuildFile; fileRef = C695087C21ABA87400C2F72E /* Main.storyboard */; };
		C695088021ABA87700C2F72E /* Assets.xcassets in Resources */ = {isa = PBXBuildFile; fileRef = C695087F21ABA87700C2F72E /* Assets.xcassets */; };
		C695088321ABA87700C2F72E /* LaunchScreen.storyboard in Resources */ = {isa = PBXBuildFile; fileRef = C695088121ABA87700C2F72E /* LaunchScreen.storyboard */; };
		CD03369222842DF000CE92D8 /* WELCOME.pdf in Resources */ = {isa = PBXBuildFile; fileRef = CD03369122842DF000CE92D8 /* WELCOME.pdf */; };
		CD03369422842E9400CE92D8 /* demo.mp4 in Resources */ = {isa = PBXBuildFile; fileRef = CD03369322842E9400CE92D8 /* demo.mp4 */; };
		CD7D13C8228926140096E7E0 /* PdfController.swift in Sources */ = {isa = PBXBuildFile; fileRef = CD7D13C7228926140096E7E0 /* PdfController.swift */; };
/* End PBXBuildFile section */

/* Begin PBXFileReference section */
		C64ABBA221F5ABA100A85246 /* README.md */ = {isa = PBXFileReference; fileEncoding = 4; lastKnownFileType = net.daringfireball.markdown; path = README.md; sourceTree = SOURCE_ROOT; };
		C695087521ABA87400C2F72E /* FlipByBlink.app */ = {isa = PBXFileReference; explicitFileType = wrapper.application; includeInIndex = 0; path = FlipByBlink.app; sourceTree = BUILT_PRODUCTS_DIR; };
		C695087821ABA87400C2F72E /* AppDelegate.swift */ = {isa = PBXFileReference; lastKnownFileType = sourcecode.swift; path = AppDelegate.swift; sourceTree = "<group>"; };
		C695087A21ABA87400C2F72E /* ViewController.swift */ = {isa = PBXFileReference; lastKnownFileType = sourcecode.swift; path = ViewController.swift; sourceTree = "<group>"; };
		C695087D21ABA87400C2F72E /* Base */ = {isa = PBXFileReference; lastKnownFileType = file.storyboard; name = Base; path = Base.lproj/Main.storyboard; sourceTree = "<group>"; };
		C695087F21ABA87700C2F72E /* Assets.xcassets */ = {isa = PBXFileReference; lastKnownFileType = folder.assetcatalog; path = Assets.xcassets; sourceTree = "<group>"; };
		C695088221ABA87700C2F72E /* Base */ = {isa = PBXFileReference; lastKnownFileType = file.storyboard; name = Base; path = Base.lproj/LaunchScreen.storyboard; sourceTree = "<group>"; };
		C695088421ABA87700C2F72E /* Info.plist */ = {isa = PBXFileReference; lastKnownFileType = text.plist.xml; path = Info.plist; sourceTree = "<group>"; };
		CD03369122842DF000CE92D8 /* WELCOME.pdf */ = {isa = PBXFileReference; lastKnownFileType = image.pdf; path = WELCOME.pdf; sourceTree = "<group>"; };
		CD03369322842E9400CE92D8 /* demo.mp4 */ = {isa = PBXFileReference; lastKnownFileType = file; path = demo.mp4; sourceTree = "<group>"; };
		CD7D13C7228926140096E7E0 /* PdfController.swift */ = {isa = PBXFileReference; lastKnownFileType = sourcecode.swift; path = PdfController.swift; sourceTree = "<group>"; };
/* End PBXFileReference section */

/* Begin PBXFrameworksBuildPhase section */
		C695087221ABA87400C2F72E /* Frameworks */ = {
			isa = PBXFrameworksBuildPhase;
			buildActionMask = 2147483647;
			files = (
			);
			runOnlyForDeploymentPostprocessing = 0;
		};
/* End PBXFrameworksBuildPhase section */

/* Begin PBXGroup section */
		C695086C21ABA87400C2F72E = {
			isa = PBXGroup;
			children = (
				C64ABBA221F5ABA100A85246 /* README.md */,
				C695087721ABA87400C2F72E /* FlipByBlink */,
				C695087621ABA87400C2F72E /* Products */,
			);
			sourceTree = "<group>";
		};
		C695087621ABA87400C2F72E /* Products */ = {
			isa = PBXGroup;
			children = (
				C695087521ABA87400C2F72E /* FlipByBlink.app */,
			);
			name = Products;
			sourceTree = "<group>";
		};
		C695087721ABA87400C2F72E /* FlipByBlink */ = {
			isa = PBXGroup;
			children = (
				C695087821ABA87400C2F72E /* AppDelegate.swift */,
				C695087A21ABA87400C2F72E /* ViewController.swift */,
				CD7D13C7228926140096E7E0 /* PdfController.swift */,
				C695087C21ABA87400C2F72E /* Main.storyboard */,
				C695087F21ABA87700C2F72E /* Assets.xcassets */,
				C695088121ABA87700C2F72E /* LaunchScreen.storyboard */,
				CD03369122842DF000CE92D8 /* WELCOME.pdf */,
				CD03369322842E9400CE92D8 /* demo.mp4 */,
				C695088421ABA87700C2F72E /* Info.plist */,
			);
			path = FlipByBlink;
			sourceTree = "<group>";
		};
/* End PBXGroup section */

/* Begin PBXNativeTarget section */
		C695087421ABA87400C2F72E /* FlipByBlink */ = {
			isa = PBXNativeTarget;
			buildConfigurationList = C695088721ABA87700C2F72E /* Build configuration list for PBXNativeTarget "FlipByBlink" */;
			buildPhases = (
				C695087121ABA87400C2F72E /* Sources */,
				C695087221ABA87400C2F72E /* Frameworks */,
				C695087321ABA87400C2F72E /* Resources */,
			);
			buildRules = (
			);
			dependencies = (
			);
			name = FlipByBlink;
			productName = FlipByBlink;
			productReference = C695087521ABA87400C2F72E /* FlipByBlink.app */;
			productType = "com.apple.product-type.application";
		};
/* End PBXNativeTarget section */

/* Begin PBXProject section */
		C695086D21ABA87400C2F72E /* Project object */ = {
			isa = PBXProject;
			attributes = {
				LastSwiftUpdateCheck = 1010;
				LastUpgradeCheck = 1010;
				ORGANIZATIONNAME = user;
				TargetAttributes = {
					C695087421ABA87400C2F72E = {
						CreatedOnToolsVersion = 10.1;
						LastSwiftMigration = 1020;
					};
				};
			};
			buildConfigurationList = C695087021ABA87400C2F72E /* Build configuration list for PBXProject "FlipByBlink" */;
			compatibilityVersion = "Xcode 9.3";
			developmentRegion = en;
			hasScannedForEncodings = 0;
			knownRegions = (
				en,
				Base,
			);
			mainGroup = C695086C21ABA87400C2F72E;
			productRefGroup = C695087621ABA87400C2F72E /* Products */;
			projectDirPath = "";
			projectRoot = "";
			targets = (
				C695087421ABA87400C2F72E /* FlipByBlink */,
			);
		};
/* End PBXProject section */

/* Begin PBXResourcesBuildPhase section */
		C695087321ABA87400C2F72E /* Resources */ = {
			isa = PBXResourcesBuildPhase;
			buildActionMask = 2147483647;
			files = (
				CD03369222842DF000CE92D8 /* WELCOME.pdf in Resources */,
				C695088321ABA87700C2F72E /* LaunchScreen.storyboard in Resources */,
				C695088021ABA87700C2F72E /* Assets.xcassets in Resources */,
				C64ABBA321F5ABA100A85246 /* README.md in Resources */,
				CD03369422842E9400CE92D8 /* demo.mp4 in Resources */,
				C695087E21ABA87400C2F72E /* Main.storyboard in Resources */,
			);
			runOnlyForDeploymentPostprocessing = 0;
		};
/* End PBXResourcesBuildPhase section */

/* Begin PBXSourcesBuildPhase section */
		C695087121ABA87400C2F72E /* Sources */ = {
			isa = PBXSourcesBuildPhase;
			buildActionMask = 2147483647;
			files = (
				C695087B21ABA87400C2F72E /* ViewController.swift in Sources */,
				C695087921ABA87400C2F72E /* AppDelegate.swift in Sources */,
				CD7D13C8228926140096E7E0 /* PdfController.swift in Sources */,
			);
			runOnlyForDeploymentPostprocessing = 0;
		};
/* End PBXSourcesBuildPhase section */

/* Begin PBXVariantGroup section */
		C695087C21ABA87400C2F72E /* Main.storyboard */ = {
			isa = PBXVariantGroup;
			children = (
				C695087D21ABA87400C2F72E /* Base */,
			);
			name = Main.storyboard;
			sourceTree = "<group>";
		};
		C695088121ABA87700C2F72E /* LaunchScreen.storyboard */ = {
			isa = PBXVariantGroup;
			children = (
				C695088221ABA87700C2F72E /* Base */,
			);
			name = LaunchScreen.storyboard;
			sourceTree = "<group>";
		};
/* End PBXVariantGroup section */

/* Begin XCBuildConfiguration section */
		C695088521ABA87700C2F72E /* Debug */ = {
			isa = XCBuildConfiguration;
			buildSettings = {
				ALWAYS_SEARCH_USER_PATHS = NO;
				CLANG_ANALYZER_NONNULL = YES;
				CLANG_ANALYZER_NUMBER_OBJECT_CONVERSION = YES_AGGRESSIVE;
				CLANG_CXX_LANGUAGE_STANDARD = "gnu++14";
				CLANG_CXX_LIBRARY = "libc++";
				CLANG_ENABLE_MODULES = YES;
				CLANG_ENABLE_OBJC_ARC = YES;
				CLANG_ENABLE_OBJC_WEAK = YES;
				CLANG_WARN_BLOCK_CAPTURE_AUTORELEASING = YES;
				CLANG_WARN_BOOL_CONVERSION = YES;
				CLANG_WARN_COMMA = YES;
				CLANG_WARN_CONSTANT_CONVERSION = YES;
				CLANG_WARN_DEPRECATED_OBJC_IMPLEMENTATIONS = YES;
				CLANG_WARN_DIRECT_OBJC_ISA_USAGE = YES_ERROR;
				CLANG_WARN_DOCUMENTATION_COMMENTS = YES;
				CLANG_WARN_EMPTY_BODY = YES;
				CLANG_WARN_ENUM_CONVERSION = YES;
				CLANG_WARN_INFINITE_RECURSION = YES;
				CLANG_WARN_INT_CONVERSION = YES;
				CLANG_WARN_NON_LITERAL_NULL_CONVERSION = YES;
				CLANG_WARN_OBJC_IMPLICIT_RETAIN_SELF = YES;
				CLANG_WARN_OBJC_LITERAL_CONVERSION = YES;
				CLANG_WARN_OBJC_ROOT_CLASS = YES_ERROR;
				CLANG_WARN_RANGE_LOOP_ANALYSIS = YES;
				CLANG_WARN_STRICT_PROTOTYPES = YES;
				CLANG_WARN_SUSPICIOUS_MOVE = YES;
				CLANG_WARN_UNGUARDED_AVAILABILITY = YES_AGGRESSIVE;
				CLANG_WARN_UNREACHABLE_CODE = YES;
				CLANG_WARN__DUPLICATE_METHOD_MATCH = YES;
				CODE_SIGN_IDENTITY = "iPhone Developer";
				COPY_PHASE_STRIP = NO;
				DEBUG_INFORMATION_FORMAT = dwarf;
				ENABLE_STRICT_OBJC_MSGSEND = YES;
				ENABLE_TESTABILITY = YES;
				GCC_C_LANGUAGE_STANDARD = gnu11;
				GCC_DYNAMIC_NO_PIC = NO;
				GCC_NO_COMMON_BLOCKS = YES;
				GCC_OPTIMIZATION_LEVEL = 0;
				GCC_PREPROCESSOR_DEFINITIONS = (
					"DEBUG=1",
					"$(inherited)",
				);
				GCC_WARN_64_TO_32_BIT_CONVERSION = YES;
				GCC_WARN_ABOUT_RETURN_TYPE = YES_ERROR;
				GCC_WARN_UNDECLARED_SELECTOR = YES;
				GCC_WARN_UNINITIALIZED_AUTOS = YES_AGGRESSIVE;
				GCC_WARN_UNUSED_FUNCTION = YES;
				GCC_WARN_UNUSED_VARIABLE = YES;
				IPHONEOS_DEPLOYMENT_TARGET = 12.1;
				MTL_ENABLE_DEBUG_INFO = INCLUDE_SOURCE;
				MTL_FAST_MATH = YES;
				ONLY_ACTIVE_ARCH = YES;
				SDKROOT = iphoneos;
				SWIFT_ACTIVE_COMPILATION_CONDITIONS = DEBUG;
				SWIFT_OPTIMIZATION_LEVEL = "-Onone";
			};
			name = Debug;
		};
		C695088621ABA87700C2F72E /* Release */ = {
			isa = XCBuildConfiguration;
			buildSettings = {
				ALWAYS_SEARCH_USER_PATHS = NO;
				CLANG_ANALYZER_NONNULL = YES;
				CLANG_ANALYZER_NUMBER_OBJECT_CONVERSION = YES_AGGRESSIVE;
				CLANG_CXX_LANGUAGE_STANDARD = "gnu++14";
				CLANG_CXX_LIBRARY = "libc++";
				CLANG_ENABLE_MODULES = YES;
				CLANG_ENABLE_OBJC_ARC = YES;
				CLANG_ENABLE_OBJC_WEAK = YES;
				CLANG_WARN_BLOCK_CAPTURE_AUTORELEASING = YES;
				CLANG_WARN_BOOL_CONVERSION = YES;
				CLANG_WARN_COMMA = YES;
				CLANG_WARN_CONSTANT_CONVERSION = YES;
				CLANG_WARN_DEPRECATED_OBJC_IMPLEMENTATIONS = YES;
				CLANG_WARN_DIRECT_OBJC_ISA_USAGE = YES_ERROR;
				CLANG_WARN_DOCUMENTATION_COMMENTS = YES;
				CLANG_WARN_EMPTY_BODY = YES;
				CLANG_WARN_ENUM_CONVERSION = YES;
				CLANG_WARN_INFINITE_RECURSION = YES;
				CLANG_WARN_INT_CONVERSION = YES;
				CLANG_WARN_NON_LITERAL_NULL_CONVERSION = YES;
				CLANG_WARN_OBJC_IMPLICIT_RETAIN_SELF = YES;
				CLANG_WARN_OBJC_LITERAL_CONVERSION = YES;
				CLANG_WARN_OBJC_ROOT_CLASS = YES_ERROR;
				CLANG_WARN_RANGE_LOOP_ANALYSIS = YES;
				CLANG_WARN_STRICT_PROTOTYPES = YES;
				CLANG_WARN_SUSPICIOUS_MOVE = YES;
				CLANG_WARN_UNGUARDED_AVAILABILITY = YES_AGGRESSIVE;
				CLANG_WARN_UNREACHABLE_CODE = YES;
				CLANG_WARN__DUPLICATE_METHOD_MATCH = YES;
				CODE_SIGN_IDENTITY = "iPhone Developer";
				COPY_PHASE_STRIP = NO;
				DEBUG_INFORMATION_FORMAT = "dwarf-with-dsym";
				ENABLE_NS_ASSERTIONS = NO;
				ENABLE_STRICT_OBJC_MSGSEND = YES;
				GCC_C_LANGUAGE_STANDARD = gnu11;
				GCC_NO_COMMON_BLOCKS = YES;
				GCC_WARN_64_TO_32_BIT_CONVERSION = YES;
				GCC_WARN_ABOUT_RETURN_TYPE = YES_ERROR;
				GCC_WARN_UNDECLARED_SELECTOR = YES;
				GCC_WARN_UNINITIALIZED_AUTOS = YES_AGGRESSIVE;
				GCC_WARN_UNUSED_FUNCTION = YES;
				GCC_WARN_UNUSED_VARIABLE = YES;
				IPHONEOS_DEPLOYMENT_TARGET = 12.1;
				MTL_ENABLE_DEBUG_INFO = NO;
				MTL_FAST_MATH = YES;
				SDKROOT = iphoneos;
				SWIFT_COMPILATION_MODE = wholemodule;
				SWIFT_OPTIMIZATION_LEVEL = "-O";
				VALIDATE_PRODUCT = YES;
			};
			name = Release;
		};
		C695088821ABA87700C2F72E /* Debug */ = {
			isa = XCBuildConfiguration;
			buildSettings = {
				ASSETCATALOG_COMPILER_APPICON_NAME = AppIcon;
				CODE_SIGN_STYLE = Automatic;
				DEVELOPMENT_TEAM = "";
				INFOPLIST_FILE = FlipByBlink/Info.plist;
				LD_RUNPATH_SEARCH_PATHS = (
					"$(inherited)",
					"@executable_path/Frameworks",
				);
				PRODUCT_BUNDLE_IDENTIFIER = "jp.ac.u-ryukyu.ie.e135753.FlipByBlink";
				PRODUCT_NAME = "$(TARGET_NAME)";
				SWIFT_VERSION = 5.0;
				TARGETED_DEVICE_FAMILY = "1,2";
			};
			name = Debug;
		};
		C695088921ABA87700C2F72E /* Release */ = {
			isa = XCBuildConfiguration;
			buildSettings = {
				ASSETCATALOG_COMPILER_APPICON_NAME = AppIcon;
				CODE_SIGN_STYLE = Automatic;
				DEVELOPMENT_TEAM = "";
				INFOPLIST_FILE = FlipByBlink/Info.plist;
				LD_RUNPATH_SEARCH_PATHS = (
					"$(inherited)",
					"@executable_path/Frameworks",
				);
				PRODUCT_BUNDLE_IDENTIFIER = "jp.ac.u-ryukyu.ie.e135753.FlipByBlink";
				PRODUCT_NAME = "$(TARGET_NAME)";
				SWIFT_VERSION = 5.0;
				TARGETED_DEVICE_FAMILY = "1,2";
			};
			name = Release;
		};
/* End XCBuildConfiguration section */

/* Begin XCConfigurationList section */
		C695087021ABA87400C2F72E /* Build configuration list for PBXProject "FlipByBlink" */ = {
			isa = XCConfigurationList;
			buildConfigurations = (
				C695088521ABA87700C2F72E /* Debug */,
				C695088621ABA87700C2F72E /* Release */,
			);
			defaultConfigurationIsVisible = 0;
			defaultConfigurationName = Release;
		};
		C695088721ABA87700C2F72E /* Build configuration list for PBXNativeTarget "FlipByBlink" */ = {
			isa = XCConfigurationList;
			buildConfigurations = (
				C695088821ABA87700C2F72E /* Debug */,
				C695088921ABA87700C2F72E /* Release */,
			);
			defaultConfigurationIsVisible = 0;
			defaultConfigurationName = Release;
		};
/* End XCConfigurationList section */
	};
	rootObject = C695086D21ABA87400C2F72E /* Project object */;
}
